
Microsoft Visual Studio Solution File, Format Version 12.00
# Visual Studio 14
VisualStudioVersion = 14.0.25420.1
MinimumVisualStudioVersion = 10.0.40219.1
Project("{FAE04EC0-301F-11D3-BF4B-00C04F79EFBC}") = "Ecommerce", "Ecommerce\Ecommerce.csproj", "{2AE38DC3-C385-4BE0-A638-C399F866A1B7}"
EndProject
Project("{FAE04EC0-301F-11D3-BF4B-00C04F79EFBC}") = "Ecommerce.Tests", "Ecommerce.Tests\Ecommerce.Tests.csproj", "{7CD9EE8A-E210-4958-8E5C-EE88C6A92D01}"
EndProject
Global
	GlobalSection(SolutionConfigurationPlatforms) = preSolution
		Debug|Any CPU = Debug|Any CPU
		Release|Any CPU = Release|Any CPU
	EndGlobalSection
	GlobalSection(ProjectConfigurationPlatforms) = postSolution
		{2AE38DC3-C385-4BE0-A638-C399F866A1B7}.Debug|Any CPU.ActiveCfg = Debug|Any CPU
		{2AE38DC3-C385-4BE0-A638-C399F866A1B7}.Debug|Any CPU.Build.0 = Debug|Any CPU
		{2AE38DC3-C385-4BE0-A638-C399F866A1B7}.Release|Any CPU.ActiveCfg = Release|Any CPU
		{2AE38DC3-C385-4BE0-A638-C399F866A1B7}.Release|Any CPU.Build.0 = Release|Any CPU
		{7CD9EE8A-E210-4958-8E5C-EE88C6A92D01}.Debug|Any CPU.ActiveCfg = Debug|Any CPU
		{7CD9EE8A-E210-4958-8E5C-EE88C6A92D01}.Debug|Any CPU.Build.0 = Debug|Any CPU
		{7CD9EE8A-E210-4958-8E5C-EE88C6A92D01}.Release|Any CPU.ActiveCfg = Release|Any CPU
		{7CD9EE8A-E210-4958-8E5C-EE88C6A92D01}.Release|Any CPU.Build.0 = Release|Any CPU
	EndGlobalSection
	GlobalSection(SolutionProperties) = preSolution
		HideSolutionNode = FALSE
	EndGlobalSection
EndGlobal
